
Microsoft Visual Studio Solution File, Format Version 12.00
# Visual Studio 14
VisualStudioVersion = 14.0.24720.0
MinimumVisualStudioVersion = 10.0.40219.1
Project("{FAE04EC0-301F-11D3-BF4B-00C04F79EFBC}") = "WorkflowManagement", "WorkflowManagement\WorkflowManagement.csproj", "{394FE5F5-11A8-4647-8E22-1B8AAB2ADBC7}"
EndProject
Project("{FAE04EC0-301F-11D3-BF4B-00C04F79EFBC}") = "DataAccess", "DataAccess\DataAccess.csproj", "{F217134B-A3BA-40ED-A99C-65111117A35B}"
EndProject
Global
	GlobalSection(SolutionConfigurationPlatforms) = preSolution
		Debug|Any CPU = Debug|Any CPU
		Release|Any CPU = Release|Any CPU
	EndGlobalSection
	GlobalSection(ProjectConfigurationPlatforms) = postSolution
		{394FE5F5-11A8-4647-8E22-1B8AAB2ADBC7}.Debug|Any CPU.ActiveCfg = Debug|Any CPU
		{394FE5F5-11A8-4647-8E22-1B8AAB2ADBC7}.Debug|Any CPU.Build.0 = Debug|Any CPU
		{394FE5F5-11A8-4647-8E22-1B8AAB2ADBC7}.Release|Any CPU.ActiveCfg = Release|Any CPU
		{394FE5F5-11A8-4647-8E22-1B8AAB2ADBC7}.Release|Any CPU.Build.0 = Release|Any CPU
		{F217134B-A3BA-40ED-A99C-65111117A35B}.Debug|Any CPU.ActiveCfg = Debug|Any CPU
		{F217134B-A3BA-40ED-A99C-65111117A35B}.Debug|Any CPU.Build.0 = Debug|Any CPU
		{F217134B-A3BA-40ED-A99C-65111117A35B}.Release|Any CPU.ActiveCfg = Release|Any CPU
		{F217134B-A3BA-40ED-A99C-65111117A35B}.Release|Any CPU.Build.0 = Release|Any CPU
	EndGlobalSection
	GlobalSection(SolutionProperties) = preSolution
		HideSolutionNode = FALSE
	EndGlobalSection
EndGlobal
